
Microsoft Visual Studio Solution File, Format Version 12.00
# Visual Studio Version 17
VisualStudioVersion = 17.4.33122.133
MinimumVisualStudioVersion = 10.0.40219.1
Project("{FAE04EC0-301F-11D3-BF4B-00C04F79EFBC}") = "Heapsort", "Heapsort\Heapsort.csproj", "{D520C2C0-018F-48F5-902F-EC401943DD8F}"
EndProject
Global
	GlobalSection(SolutionConfigurationPlatforms) = preSolution
		Debug|Any CPU = Debug|Any CPU
		Release|Any CPU = Release|Any CPU
	EndGlobalSection
	GlobalSection(ProjectConfigurationPlatforms) = postSolution
		{D520C2C0-018F-48F5-902F-EC401943DD8F}.Debug|Any CPU.ActiveCfg = Debug|Any CPU
		{D520C2C0-018F-48F5-902F-EC401943DD8F}.Debug|Any CPU.Build.0 = Debug|Any CPU
		{D520C2C0-018F-48F5-902F-EC401943DD8F}.Release|Any CPU.ActiveCfg = Release|Any CPU
		{D520C2C0-018F-48F5-902F-EC401943DD8F}.Release|Any CPU.Build.0 = Release|Any CPU
	EndGlobalSection
	GlobalSection(SolutionProperties) = preSolution
		HideSolutionNode = FALSE
	EndGlobalSection
	GlobalSection(ExtensibilityGlobals) = postSolution
		SolutionGuid = {E0F20467-D5FD-4D06-B224-E1022633DC58}
	EndGlobalSection
EndGlobal
